<Solution>
  <Folder Name="/src/">
    <Project Path="src/ImageViewer.Core/ImageViewer.Core.csproj" />
    <Project Path="src/ImageViewer.Imaging.Skia/ImageViewer.Imaging.Skia.csproj" />
    <Project Path="src/ImageViewer.Imaging.Wic/ImageViewer.Imaging.Wic.csproj" />
    <Project Path="src/ImageViewer.Avalonia/ImageViewer.Avalonia.csproj" />
    <Project Path="src/ImageViewer.Wpf/ImageViewer.Wpf.csproj" />
    <Project Path="src/ImageViewer.Cli/ImageViewer.Cli.csproj" />
  </Folder>
  <Folder Name="/tests/">
    <Project Path="tests/ImageViewer.Core.Tests/ImageViewer.Core.Tests.csproj" />
  </Folder>
  <Folder Name="/Solution Items/">
    <File Path="Directory.Build.props" />
    <File Path="ImageViewer.Linux.slnf" />
    <File Path="README.md" />
    <File Path="docs/TESTING.md" />
    <File Path="demo/demo.ipynb" />
  </Folder>
</Solution>
